
Microsoft Visual Studio Solution File, Format Version 12.00
# Visual Studio Version 17
VisualStudioVersion = 17.13.35919.96
MinimumVisualStudioVersion = 10.0.40219.1
Project("{FAE04EC0-301F-11D3-BF4B-00C04F79EFBC}") = "TRABALHO DE ALGORITMOS", "TRABALHO DE ALGORITMOS\TRABALHO DE ALGORITMOS.csproj", "{6106DB21-7C55-4431-BE1A-7FF415D141FF}"
EndProject
Project("{FAE04EC0-301F-11D3-BF4B-00C04F79EFBC}") = "Inverter palavra 5", "Inverter palavra 5\Inverter palavra 5.csproj", "{CF81474C-EAD1-42EE-93FC-3D1FC17847B2}"
EndProject
Project("{FAE04EC0-301F-11D3-BF4B-00C04F79EFBC}") = "SIMULA HISTORICO 6", "SIMULA HISTORICO 6\SIMULA HISTORICO 6.csproj", "{C88E6C79-E758-4CC2-B11F-5BCF6719E2AB}"
EndProject
Project("{FAE04EC0-301F-11D3-BF4B-00C04F79EFBC}") = "ATENDIMENTO POR ORDEM DE CHEGADA 7", "ATENDIMENTO POR ORDEM DE CHEGADA 7\ATENDIMENTO POR ORDEM DE CHEGADA 7.csproj", "{DF018FBF-D9B7-48F8-B2AE-7424B5315746}"
EndProject
Global
	GlobalSection(SolutionConfigurationPlatforms) = preSolution
		Debug|Any CPU = Debug|Any CPU
		Release|Any CPU = Release|Any CPU
	EndGlobalSection
	GlobalSection(ProjectConfigurationPlatforms) = postSolution
		{6106DB21-7C55-4431-BE1A-7FF415D141FF}.Debug|Any CPU.ActiveCfg = Debug|Any CPU
		{6106DB21-7C55-4431-BE1A-7FF415D141FF}.Debug|Any CPU.Build.0 = Debug|Any CPU
		{6106DB21-7C55-4431-BE1A-7FF415D141FF}.Release|Any CPU.ActiveCfg = Release|Any CPU
		{6106DB21-7C55-4431-BE1A-7FF415D141FF}.Release|Any CPU.Build.0 = Release|Any CPU
		{CF81474C-EAD1-42EE-93FC-3D1FC17847B2}.Debug|Any CPU.ActiveCfg = Debug|Any CPU
		{CF81474C-EAD1-42EE-93FC-3D1FC17847B2}.Debug|Any CPU.Build.0 = Debug|Any CPU
		{CF81474C-EAD1-42EE-93FC-3D1FC17847B2}.Release|Any CPU.ActiveCfg = Release|Any CPU
		{CF81474C-EAD1-42EE-93FC-3D1FC17847B2}.Release|Any CPU.Build.0 = Release|Any CPU
		{C88E6C79-E758-4CC2-B11F-5BCF6719E2AB}.Debug|Any CPU.ActiveCfg = Debug|Any CPU
		{C88E6C79-E758-4CC2-B11F-5BCF6719E2AB}.Debug|Any CPU.Build.0 = Debug|Any CPU
		{C88E6C79-E758-4CC2-B11F-5BCF6719E2AB}.Release|Any CPU.ActiveCfg = Release|Any CPU
		{C88E6C79-E758-4CC2-B11F-5BCF6719E2AB}.Release|Any CPU.Build.0 = Release|Any CPU
		{DF018FBF-D9B7-48F8-B2AE-7424B5315746}.Debug|Any CPU.ActiveCfg = Debug|Any CPU
		{DF018FBF-D9B7-48F8-B2AE-7424B5315746}.Debug|Any CPU.Build.0 = Debug|Any CPU
		{DF018FBF-D9B7-48F8-B2AE-7424B5315746}.Release|Any CPU.ActiveCfg = Release|Any CPU
		{DF018FBF-D9B7-48F8-B2AE-7424B5315746}.Release|Any CPU.Build.0 = Release|Any CPU
	EndGlobalSection
	GlobalSection(SolutionProperties) = preSolution
		HideSolutionNode = FALSE
	EndGlobalSection
	GlobalSection(ExtensibilityGlobals) = postSolution
		SolutionGuid = {CA9B955D-2D65-4568-96AE-E5E57834C837}
	EndGlobalSection
EndGlobal
