
Microsoft Visual Studio Solution File, Format Version 12.00
# Visual Studio Version 17
VisualStudioVersion = 17.13.35919.96
MinimumVisualStudioVersion = 10.0.40219.1
Project("{FAE04EC0-301F-11D3-BF4B-00C04F79EFBC}") = "TRABALHO DE ALGORITMOS", "TRABALHO DE ALGORITMOS\TRABALHO DE ALGORITMOS.csproj", "{6106DB21-7C55-4431-BE1A-7FF415D141FF}"
EndProject
Project("{FAE04EC0-301F-11D3-BF4B-00C04F79EFBC}") = "Inverter palavra 5", "Inverter palavra 5\Inverter palavra 5.csproj", "{CF81474C-EAD1-42EE-93FC-3D1FC17847B2}"
EndProject
Project("{FAE04EC0-301F-11D3-BF4B-00C04F79EFBC}") = "SIMULA HISTORICO 6", "SIMULA HISTORICO 6\SIMULA HISTORICO 6.csproj", "{C88E6C79-E758-4CC2-B11F-5BCF6719E2AB}"
EndProject
Project("{FAE04EC0-301F-11D3-BF4B-00C04F79EFBC}") = "ATENDIMENTO POR ORDEM DE CHEGADA 7", "ATENDIMENTO POR ORDEM DE CHEGADA 7\ATENDIMENTO POR ORDEM DE CHEGADA 7.csproj", "{DF018FBF-D9B7-48F8-B2AE-7424B5315746}"
EndProject
Project("{FAE04EC0-301F-11D3-BF4B-00C04F79EFBC}") = "VERIFICAR SEUQENCIA DE PARENTESES 8", "VERIFICAR SEUQENCIA DE PARENTESES 8\VERIFICAR SEUQENCIA DE PARENTESES 8.csproj", "{BE90DD9C-4951-4FD8-8AF7-845428A00E67}"
EndProject
Project("{FAE04EC0-301F-11D3-BF4B-00C04F79EFBC}") = "INVERTER ELEMENTOS FILA-PILHA 9", "INVERTER ELEMENTOS FILA-PILHA 9\INVERTER ELEMENTOS FILA-PILHA 9.csproj", "{D6A09E54-5AEB-471C-B6AF-190FDE9480D8}"
EndProject
Project("{FAE04EC0-301F-11D3-BF4B-00C04F79EFBC}") = "PILHA MANUAL 10", "PILHA MANUAL 10\PILHA MANUAL 10.csproj", "{CC3A32F0-5980-482C-95B9-B8D255A10D19}"
EndProject
Project("{FAE04EC0-301F-11D3-BF4B-00C04F79EFBC}") = "FILA MANUAL 11", "FILA MANUAL 11\FILA MANUAL 11.csproj", "{602E7474-A865-431F-B404-E7760D9C1C27}"
EndProject
Project("{FAE04EC0-301F-11D3-BF4B-00C04F79EFBC}") = "CONVERTE DECIMAL-BINÁRIO 12", "CONVERTE DECIMAL-BINÁRIO 12\CONVERTE DECIMAL-BINÁRIO 12.csproj", "{BC81BD44-A893-4647-8AB6-26EFC01A1419}"
EndProject
Project("{FAE04EC0-301F-11D3-BF4B-00C04F79EFBC}") = "FILA CIRCULAR 13", "FILA CIRCULAR 13\FILA CIRCULAR 13.csproj", "{CBCA9D1C-A583-44AC-B6DC-5C6CAA6A3C4E}"
EndProject
Project("{FAE04EC0-301F-11D3-BF4B-00C04F79EFBC}") = "FILA PRIORIDADE SIMPLES 14", "FILA PRIORIDADE SIMPLES 14\FILA PRIORIDADE SIMPLES 14.csproj", "{9FAA7897-AFE5-4432-9A63-106EC05EE05E}"
EndProject
Global
	GlobalSection(SolutionConfigurationPlatforms) = preSolution
		Debug|Any CPU = Debug|Any CPU
		Release|Any CPU = Release|Any CPU
	EndGlobalSection
	GlobalSection(ProjectConfigurationPlatforms) = postSolution
		{6106DB21-7C55-4431-BE1A-7FF415D141FF}.Debug|Any CPU.ActiveCfg = Debug|Any CPU
		{6106DB21-7C55-4431-BE1A-7FF415D141FF}.Debug|Any CPU.Build.0 = Debug|Any CPU
		{6106DB21-7C55-4431-BE1A-7FF415D141FF}.Release|Any CPU.ActiveCfg = Release|Any CPU
		{6106DB21-7C55-4431-BE1A-7FF415D141FF}.Release|Any CPU.Build.0 = Release|Any CPU
		{CF81474C-EAD1-42EE-93FC-3D1FC17847B2}.Debug|Any CPU.ActiveCfg = Debug|Any CPU
		{CF81474C-EAD1-42EE-93FC-3D1FC17847B2}.Debug|Any CPU.Build.0 = Debug|Any CPU
		{CF81474C-EAD1-42EE-93FC-3D1FC17847B2}.Release|Any CPU.ActiveCfg = Release|Any CPU
		{CF81474C-EAD1-42EE-93FC-3D1FC17847B2}.Release|Any CPU.Build.0 = Release|Any CPU
		{C88E6C79-E758-4CC2-B11F-5BCF6719E2AB}.Debug|Any CPU.ActiveCfg = Debug|Any CPU
		{C88E6C79-E758-4CC2-B11F-5BCF6719E2AB}.Debug|Any CPU.Build.0 = Debug|Any CPU
		{C88E6C79-E758-4CC2-B11F-5BCF6719E2AB}.Release|Any CPU.ActiveCfg = Release|Any CPU
		{C88E6C79-E758-4CC2-B11F-5BCF6719E2AB}.Release|Any CPU.Build.0 = Release|Any CPU
		{DF018FBF-D9B7-48F8-B2AE-7424B5315746}.Debug|Any CPU.ActiveCfg = Debug|Any CPU
		{DF018FBF-D9B7-48F8-B2AE-7424B5315746}.Debug|Any CPU.Build.0 = Debug|Any CPU
		{DF018FBF-D9B7-48F8-B2AE-7424B5315746}.Release|Any CPU.ActiveCfg = Release|Any CPU
		{DF018FBF-D9B7-48F8-B2AE-7424B5315746}.Release|Any CPU.Build.0 = Release|Any CPU
		{BE90DD9C-4951-4FD8-8AF7-845428A00E67}.Debug|Any CPU.ActiveCfg = Debug|Any CPU
		{BE90DD9C-4951-4FD8-8AF7-845428A00E67}.Debug|Any CPU.Build.0 = Debug|Any CPU
		{BE90DD9C-4951-4FD8-8AF7-845428A00E67}.Release|Any CPU.ActiveCfg = Release|Any CPU
		{BE90DD9C-4951-4FD8-8AF7-845428A00E67}.Release|Any CPU.Build.0 = Release|Any CPU
		{D6A09E54-5AEB-471C-B6AF-190FDE9480D8}.Debug|Any CPU.ActiveCfg = Debug|Any CPU
		{D6A09E54-5AEB-471C-B6AF-190FDE9480D8}.Debug|Any CPU.Build.0 = Debug|Any CPU
		{D6A09E54-5AEB-471C-B6AF-190FDE9480D8}.Release|Any CPU.ActiveCfg = Release|Any CPU
		{D6A09E54-5AEB-471C-B6AF-190FDE9480D8}.Release|Any CPU.Build.0 = Release|Any CPU
		{CC3A32F0-5980-482C-95B9-B8D255A10D19}.Debug|Any CPU.ActiveCfg = Debug|Any CPU
		{CC3A32F0-5980-482C-95B9-B8D255A10D19}.Debug|Any CPU.Build.0 = Debug|Any CPU
		{CC3A32F0-5980-482C-95B9-B8D255A10D19}.Release|Any CPU.ActiveCfg = Release|Any CPU
		{CC3A32F0-5980-482C-95B9-B8D255A10D19}.Release|Any CPU.Build.0 = Release|Any CPU
		{602E7474-A865-431F-B404-E7760D9C1C27}.Debug|Any CPU.ActiveCfg = Debug|Any CPU
		{602E7474-A865-431F-B404-E7760D9C1C27}.Debug|Any CPU.Build.0 = Debug|Any CPU
		{602E7474-A865-431F-B404-E7760D9C1C27}.Release|Any CPU.ActiveCfg = Release|Any CPU
		{602E7474-A865-431F-B404-E7760D9C1C27}.Release|Any CPU.Build.0 = Release|Any CPU
		{BC81BD44-A893-4647-8AB6-26EFC01A1419}.Debug|Any CPU.ActiveCfg = Debug|Any CPU
		{BC81BD44-A893-4647-8AB6-26EFC01A1419}.Debug|Any CPU.Build.0 = Debug|Any CPU
		{BC81BD44-A893-4647-8AB6-26EFC01A1419}.Release|Any CPU.ActiveCfg = Release|Any CPU
		{BC81BD44-A893-4647-8AB6-26EFC01A1419}.Release|Any CPU.Build.0 = Release|Any CPU
		{CBCA9D1C-A583-44AC-B6DC-5C6CAA6A3C4E}.Debug|Any CPU.ActiveCfg = Debug|Any CPU
		{CBCA9D1C-A583-44AC-B6DC-5C6CAA6A3C4E}.Debug|Any CPU.Build.0 = Debug|Any CPU
		{CBCA9D1C-A583-44AC-B6DC-5C6CAA6A3C4E}.Release|Any CPU.ActiveCfg = Release|Any CPU
		{CBCA9D1C-A583-44AC-B6DC-5C6CAA6A3C4E}.Release|Any CPU.Build.0 = Release|Any CPU
		{9FAA7897-AFE5-4432-9A63-106EC05EE05E}.Debug|Any CPU.ActiveCfg = Debug|Any CPU
		{9FAA7897-AFE5-4432-9A63-106EC05EE05E}.Debug|Any CPU.Build.0 = Debug|Any CPU
		{9FAA7897-AFE5-4432-9A63-106EC05EE05E}.Release|Any CPU.ActiveCfg = Release|Any CPU
		{9FAA7897-AFE5-4432-9A63-106EC05EE05E}.Release|Any CPU.Build.0 = Release|Any CPU
	EndGlobalSection
	GlobalSection(SolutionProperties) = preSolution
		HideSolutionNode = FALSE
	EndGlobalSection
	GlobalSection(ExtensibilityGlobals) = postSolution
		SolutionGuid = {CA9B955D-2D65-4568-96AE-E5E57834C837}
	EndGlobalSection
EndGlobal
